
Microsoft Visual Studio Solution File, Format Version 12.00
# Visual Studio Version 17
VisualStudioVersion = 17.2.32630.192
MinimumVisualStudioVersion = 10.0.40219.1
Project("{FAE04EC0-301F-11D3-BF4B-00C04F79EFBC}") = "Margarida.Core.Attributes", "Margarida.Core.Attributes\Margarida.Core.Attributes.csproj", "{D7BAF2F7-379F-42B1-A37D-839824F39896}"
EndProject
Project("{FAE04EC0-301F-11D3-BF4B-00C04F79EFBC}") = "Margarida.Core.Attributes.Tests", "Margarida.Core.Attributes.Tests\Margarida.Core.Attributes.Tests.csproj", "{7C2FA835-0DEF-4F11-BDAF-1DC2B8C39535}"
EndProject
Project("{2150E333-8FDC-42A3-9474-1A3956D46DE8}") = "docs", "docs", "{7B05BAA7-2796-40AA-97F9-B9C7D1B21C85}"
	ProjectSection(SolutionItems) = preProject
		docs\daisy.png = docs\daisy.png
		README.md = README.md
	EndProjectSection
EndProject
Global
	GlobalSection(SolutionConfigurationPlatforms) = preSolution
		Debug|Any CPU = Debug|Any CPU
		Release|Any CPU = Release|Any CPU
	EndGlobalSection
	GlobalSection(ProjectConfigurationPlatforms) = postSolution
		{D7BAF2F7-379F-42B1-A37D-839824F39896}.Debug|Any CPU.ActiveCfg = Debug|Any CPU
		{D7BAF2F7-379F-42B1-A37D-839824F39896}.Debug|Any CPU.Build.0 = Debug|Any CPU
		{D7BAF2F7-379F-42B1-A37D-839824F39896}.Release|Any CPU.ActiveCfg = Release|Any CPU
		{D7BAF2F7-379F-42B1-A37D-839824F39896}.Release|Any CPU.Build.0 = Release|Any CPU
		{7C2FA835-0DEF-4F11-BDAF-1DC2B8C39535}.Debug|Any CPU.ActiveCfg = Debug|Any CPU
		{7C2FA835-0DEF-4F11-BDAF-1DC2B8C39535}.Debug|Any CPU.Build.0 = Debug|Any CPU
		{7C2FA835-0DEF-4F11-BDAF-1DC2B8C39535}.Release|Any CPU.ActiveCfg = Release|Any CPU
		{7C2FA835-0DEF-4F11-BDAF-1DC2B8C39535}.Release|Any CPU.Build.0 = Release|Any CPU
	EndGlobalSection
	GlobalSection(SolutionProperties) = preSolution
		HideSolutionNode = FALSE
	EndGlobalSection
	GlobalSection(ExtensibilityGlobals) = postSolution
		SolutionGuid = {C86E8D65-64D5-46E8-AB29-0AA012F67235}
	EndGlobalSection
EndGlobal
